
Microsoft Visual Studio Solution File, Format Version 12.00
# Visual Studio Version 17
VisualStudioVersion = 17.13.35806.99
MinimumVisualStudioVersion = 10.0.40219.1
Project("{FAE04EC0-301F-11D3-BF4B-00C04F79EFBC}") = "AccMgt", "AccMgt.csproj", "{768CB655-F135-48D6-B755-FBF5F99D6D5A}"
EndProject
Global
	GlobalSection(SolutionConfigurationPlatforms) = preSolution
		Debug|Any CPU = Debug|Any CPU
		Release|Any CPU = Release|Any CPU
	EndGlobalSection
	GlobalSection(ProjectConfigurationPlatforms) = postSolution
		{768CB655-F135-48D6-B755-FBF5F99D6D5A}.Debug|Any CPU.ActiveCfg = Debug|Any CPU
		{768CB655-F135-48D6-B755-FBF5F99D6D5A}.Debug|Any CPU.Build.0 = Debug|Any CPU
		{768CB655-F135-48D6-B755-FBF5F99D6D5A}.Release|Any CPU.ActiveCfg = Release|Any CPU
		{768CB655-F135-48D6-B755-FBF5F99D6D5A}.Release|Any CPU.Build.0 = Release|Any CPU
	EndGlobalSection
	GlobalSection(SolutionProperties) = preSolution
		HideSolutionNode = FALSE
	EndGlobalSection
	GlobalSection(ExtensibilityGlobals) = postSolution
		SolutionGuid = {1B3A34CE-2A06-46C2-9748-D14C1FF608FE}
	EndGlobalSection
EndGlobal
